
Microsoft Visual Studio Solution File, Format Version 12.00
# Visual Studio Version 16
VisualStudioVersion = 16.0.29519.181
MinimumVisualStudioVersion = 10.0.40219.1
Project("{FAE04EC0-301F-11D3-BF4B-00C04F79EFBC}") = "Geometri OOP", "Geometri OOP\Geometri OOP.csproj", "{A934ECCC-6E28-4F40-9ED9-5F818900D0A5}"
EndProject
Global
	GlobalSection(SolutionConfigurationPlatforms) = preSolution
		Debug|Any CPU = Debug|Any CPU
		Release|Any CPU = Release|Any CPU
	EndGlobalSection
	GlobalSection(ProjectConfigurationPlatforms) = postSolution
		{A934ECCC-6E28-4F40-9ED9-5F818900D0A5}.Debug|Any CPU.ActiveCfg = Debug|Any CPU
		{A934ECCC-6E28-4F40-9ED9-5F818900D0A5}.Debug|Any CPU.Build.0 = Debug|Any CPU
		{A934ECCC-6E28-4F40-9ED9-5F818900D0A5}.Release|Any CPU.ActiveCfg = Release|Any CPU
		{A934ECCC-6E28-4F40-9ED9-5F818900D0A5}.Release|Any CPU.Build.0 = Release|Any CPU
	EndGlobalSection
	GlobalSection(SolutionProperties) = preSolution
		HideSolutionNode = FALSE
	EndGlobalSection
	GlobalSection(ExtensibilityGlobals) = postSolution
		SolutionGuid = {D746E164-309F-4D30-B581-68C9A93EB842}
	EndGlobalSection
EndGlobal
