
Microsoft Visual Studio Solution File, Format Version 12.00
# Visual Studio Version 16
VisualStudioVersion = 16.0.29519.181
MinimumVisualStudioVersion = 10.0.40219.1
Project("{FAE04EC0-301F-11D3-BF4B-00C04F79EFBC}") = "Planeterne OOP", "Planeterne OOP\Planeterne OOP.csproj", "{8636DF58-0BB1-4F70-8DFA-A55F3A27D425}"
EndProject
Global
	GlobalSection(SolutionConfigurationPlatforms) = preSolution
		Debug|Any CPU = Debug|Any CPU
		Release|Any CPU = Release|Any CPU
	EndGlobalSection
	GlobalSection(ProjectConfigurationPlatforms) = postSolution
		{8636DF58-0BB1-4F70-8DFA-A55F3A27D425}.Debug|Any CPU.ActiveCfg = Debug|Any CPU
		{8636DF58-0BB1-4F70-8DFA-A55F3A27D425}.Debug|Any CPU.Build.0 = Debug|Any CPU
		{8636DF58-0BB1-4F70-8DFA-A55F3A27D425}.Release|Any CPU.ActiveCfg = Release|Any CPU
		{8636DF58-0BB1-4F70-8DFA-A55F3A27D425}.Release|Any CPU.Build.0 = Release|Any CPU
	EndGlobalSection
	GlobalSection(SolutionProperties) = preSolution
		HideSolutionNode = FALSE
	EndGlobalSection
	GlobalSection(ExtensibilityGlobals) = postSolution
		SolutionGuid = {14D36D83-5245-4E4C-96D4-DA041948548B}
	EndGlobalSection
EndGlobal
